{
  "name": "bcd-stats-graph",
  "version": "1.0.0",
  "lockfileVersion": 2,
  "requires": true,
  "packages": {
    "": {
      "name": "bcd-stats-graph",
      "version": "1.0.0",
      "license": "CC0-1.0",
      "dependencies": {
        "@mdn/browser-compat-data": "3.3.2"
      },
      "devDependencies": {}
    },
    "node_modules/@mdn/browser-compat-data": {
      "version": "3.3.2",
      "resolved": "https://registry.npmjs.org/@mdn/browser-compat-data/-/browser-compat-data-3.3.2.tgz",
      "integrity": "sha512-TW8LAl7MLc3gVMqd+Y70mHCOJ2dugvuXt5rQe+UjusFRhhKlFvmCBFyZ1Qv3QWf7N9Ppd6+6gl36lvg9sCc4Kg=="
    }
  },
  "dependencies": {
    "@mdn/browser-compat-data": {
      "version": "3.3.2",
      "resolved": "https://registry.npmjs.org/@mdn/browser-compat-data/-/browser-compat-data-3.3.2.tgz",
      "integrity": "sha512-TW8LAl7MLc3gVMqd+Y70mHCOJ2dugvuXt5rQe+UjusFRhhKlFvmCBFyZ1Qv3QWf7N9Ppd6+6gl36lvg9sCc4Kg=="
    }
  }
}
