{
  "name": "bcd-stats-graph",
  "version": "1.0.0",
  "lockfileVersion": 1,
  "requires": true,
  "dependencies": {
    "extend": {
      "version": "3.0.2",
      "resolved": "https://registry.npmjs.org/extend/-/extend-3.0.2.tgz",
      "integrity": "sha512-fjquC59cD7CyW6urNXK0FBufkZcoiGG80wTuPujX590cB5Ttln20E2UB4S/WARVqhXffZl2LNgS+gQdPIIim/g=="
    },
    "mdn-browser-compat-data": {
      "version": "0.0.76",
      "resolved": "https://registry.npmjs.org/mdn-browser-compat-data/-/mdn-browser-compat-data-0.0.76.tgz",
      "integrity": "sha512-kLr0769mgs9o8MaCafVug7f2bmWY3+5UJXZ0jyXbD/PA/ry56G1uon2WU/JakLBzYxG8S+J8rC2oem6CB3wMqw==",
      "requires": {
        "extend": "3.0.2"
      }
    },
    "minimist": {
      "version": "0.0.8",
      "resolved": "https://registry.npmjs.org/minimist/-/minimist-0.0.8.tgz",
      "integrity": "sha1-hX/Kv8M5fSYluCKCYuhqp6ARsF0="
    },
    "mkdirp": {
      "version": "0.5.1",
      "resolved": "https://registry.npmjs.org/mkdirp/-/mkdirp-0.5.1.tgz",
      "integrity": "sha1-MAV0OOrGz3+MR2fzhkjWaX11yQM=",
      "requires": {
        "minimist": "0.0.8"
      }
    },
    "plotly": {
      "version": "1.0.6",
      "resolved": "https://registry.npmjs.org/plotly/-/plotly-1.0.6.tgz",
      "integrity": "sha1-smcsPfiDM2Jb32hJgtDj9lIdeqo=",
      "requires": {
        "mkdirp": "~0.5.0"
      }
    }
  }
}
